
Microsoft Visual Studio Solution File, Format Version 12.00
# Visual Studio 15
VisualStudioVersion = 15.0.28010.2003
MinimumVisualStudioVersion = 10.0.40219.1
Project("{FAE04EC0-301F-11D3-BF4B-00C04F79EFBC}") = "Problem_305", "Problem_305\Problem_305.csproj", "{E5E88D9E-4708-4B90-A85B-8AF2CED31D12}"
EndProject
Global
	GlobalSection(SolutionConfigurationPlatforms) = preSolution
		Debug|Any CPU = Debug|Any CPU
		Release|Any CPU = Release|Any CPU
	EndGlobalSection
	GlobalSection(ProjectConfigurationPlatforms) = postSolution
		{E5E88D9E-4708-4B90-A85B-8AF2CED31D12}.Debug|Any CPU.ActiveCfg = Debug|Any CPU
		{E5E88D9E-4708-4B90-A85B-8AF2CED31D12}.Debug|Any CPU.Build.0 = Debug|Any CPU
		{E5E88D9E-4708-4B90-A85B-8AF2CED31D12}.Release|Any CPU.ActiveCfg = Release|Any CPU
		{E5E88D9E-4708-4B90-A85B-8AF2CED31D12}.Release|Any CPU.Build.0 = Release|Any CPU
	EndGlobalSection
	GlobalSection(SolutionProperties) = preSolution
		HideSolutionNode = FALSE
	EndGlobalSection
	GlobalSection(ExtensibilityGlobals) = postSolution
		SolutionGuid = {F91678D3-62B8-48D9-BE39-3A27005D9161}
	EndGlobalSection
EndGlobal
